{
  "name": "@codebundlesbyvik/html-dev-label",
  "version": "1.0.1",
  "lockfileVersion": 2,
  "requires": true,
  "packages": {
    "": {
      "name": "@codebundlesbyvik/html-dev-label",
      "version": "1.0.1",
      "license": "MIT",
      "dependencies": {
        "@codebundlesbyvik/element-operations": "^2.0.0"
      }
    },
    "node_modules/@codebundlesbyvik/element-operations": {
      "version": "2.0.0",
      "resolved": "https://registry.npmjs.org/@codebundlesbyvik/element-operations/-/element-operations-2.0.0.tgz",
      "integrity": "sha512-lgugwYUBOiTpHpKujPeT32AnzZWLLtVi6i2QNJE6516TXaP7Gei3MpLSGA2W8ypVAYJSyknsIUrzWF1L0fNLSg=="
    }
  },
  "dependencies": {
    "@codebundlesbyvik/element-operations": {
      "version": "2.0.0",
      "resolved": "https://registry.npmjs.org/@codebundlesbyvik/element-operations/-/element-operations-2.0.0.tgz",
      "integrity": "sha512-lgugwYUBOiTpHpKujPeT32AnzZWLLtVi6i2QNJE6516TXaP7Gei3MpLSGA2W8ypVAYJSyknsIUrzWF1L0fNLSg=="
    }
  }
}
