{
  "name": "@codebundlesbyvik/html-dev-label",
  "version": "1.0.0",
  "lockfileVersion": 2,
  "requires": true,
  "packages": {
    "": {
      "name": "@codebundlesbyvik/html-dev-label",
      "version": "1.0.0",
      "license": "MIT",
      "dependencies": {
        "@codebundlesbyvik/element-operations": "^1.0.0-2"
      }
    },
    "node_modules/@codebundlesbyvik/element-operations": {
      "version": "1.0.0-2",
      "resolved": "https://registry.npmjs.org/@codebundlesbyvik/element-operations/-/element-operations-1.0.0-2.tgz",
      "integrity": "sha512-dOFw5BFpFYBB/39eOEdM8nzauvnEGJ4/3+AZ/TUPwiYCb6kkqJ9h+xXZ3SnDJyP6mAD7ukEX7X6oA+1exE3gpQ==",
      "dependencies": {
        "@codebundlesbyvik/string-operations": "^1.0.0-2"
      }
    },
    "node_modules/@codebundlesbyvik/string-operations": {
      "version": "1.0.0-2",
      "resolved": "https://registry.npmjs.org/@codebundlesbyvik/string-operations/-/string-operations-1.0.0-2.tgz",
      "integrity": "sha512-NACKdd+LTgVEoYOTfujXZMAr0Op5BWmYbiSM9dE/rdCJOIwKvxApywxfNVvMufCugW8eiQGa5SW1I8sIAFduaw=="
    }
  },
  "dependencies": {
    "@codebundlesbyvik/element-operations": {
      "version": "1.0.0-2",
      "resolved": "https://registry.npmjs.org/@codebundlesbyvik/element-operations/-/element-operations-1.0.0-2.tgz",
      "integrity": "sha512-dOFw5BFpFYBB/39eOEdM8nzauvnEGJ4/3+AZ/TUPwiYCb6kkqJ9h+xXZ3SnDJyP6mAD7ukEX7X6oA+1exE3gpQ==",
      "requires": {
        "@codebundlesbyvik/string-operations": "^1.0.0-2"
      }
    },
    "@codebundlesbyvik/string-operations": {
      "version": "1.0.0-2",
      "resolved": "https://registry.npmjs.org/@codebundlesbyvik/string-operations/-/string-operations-1.0.0-2.tgz",
      "integrity": "sha512-NACKdd+LTgVEoYOTfujXZMAr0Op5BWmYbiSM9dE/rdCJOIwKvxApywxfNVvMufCugW8eiQGa5SW1I8sIAFduaw=="
    }
  }
}
